<?xml version="1.0" encoding="utf-8"?>
<Project ToolsVersion="4.0" xmlns="http://schemas.microsoft.com/developer/msbuild/2003">
  <ItemGroup>
    <Filter Include="Source Files">
      <UniqueIdentifier>{259c00f8-4c06-49dc-aae0-01a1c1238f9b}</UniqueIdentifier>
      <Extensions>cpp;c;cxx;rc;def;r;odl;idl;hpj;bat</Extensions>
    </Filter>
    <Filter Include="Header Files">
      <UniqueIdentifier>{fa55ea86-641c-406c-9fd6-a974eb9ca06f}</UniqueIdentifier>
      <Extensions>h;hpp;hxx;hm;inl</Extensions>
    </Filter>
    <Filter Include="Resource Files">
      <UniqueIdentifier>{9931002e-7123-45b3-a17f-adb145f671c3}</UniqueIdentifier>
      <Extensions>ico;cur;bmp;dlg;rc2;rct;bin;rgs;gif;jpg;jpeg;jpe</Extensions>
    </Filter>
    <Filter Include="Shaders">
      <UniqueIdentifier>{6e4d0011-8be0-4822-8bd2-4578ad8d22b7}</UniqueIdentifier>
    </Filter>
    <Filter Include="Video">
      <UniqueIdentifier>{630167b5-b1e3-4da6-9f8e-07f794031387}</UniqueIdentifier>
    </Filter>
    <Filter Include="Source Files\menus">
      <UniqueIdentifier>{e9730f46-8004-4707-bfd9-53292861d6c2}</UniqueIdentifier>
    </Filter>
    <Filter Include="Source Files\behaviours">
      <UniqueIdentifier>{f273ad66-a636-464d-a45d-f77c509e486e}</UniqueIdentifier>
    </Filter>
    <Filter Include="Source Files\chunks">
      <UniqueIdentifier>{23632467-2a86-4624-9239-7009849f2cac}</UniqueIdentifier>
    </Filter>
    <Filter Include="Header Files\behaviours">
      <UniqueIdentifier>{ac7c8a50-d516-4b42-a38f-98f725f44337}</UniqueIdentifier>
    </Filter>
    <Filter Include="Header Files\chunks">
      <UniqueIdentifier>{f77d5da3-7522-49d9-a869-5f82a0601c67}</UniqueIdentifier>
    </Filter>
    <Filter Include="Header Files\menus">
      <UniqueIdentifier>{bad11dde-a7f2-4757-b97f-b3aac4ce4a0d}</UniqueIdentifier>
    </Filter>
  </ItemGroup>
  <ItemGroup>
    <ClCompile Include="..\..\3dc\video\BinkPlayback.cpp">
      <Filter>Video</Filter>
    </ClCompile>
    <ClCompile Include="..\..\3dc\video\TheoraPlayback.cpp">
      <Filter>Video</Filter>
    </ClCompile>
    <ClCompile Include="..\..\3dc\video\SmackerPlayback.cpp">
      <Filter>Video</Filter>
    </ClCompile>
    <ClCompile Include="..\d3_func.cpp">
      <Filter>Source Files</Filter>
    </ClCompile>
    <ClCompile Include="..\Di_func.cpp">
      <Filter>Source Files</Filter>
    </ClCompile>
    <ClCompile Include="..\..\3dc\ConfigFile.cpp">
      <Filter>Source Files</Filter>
    </ClCompile>
    <ClCompile Include="..\..\3dc\console.cpp">
      <Filter>Source Files</Filter>
    </ClCompile>
    <ClCompile Include="..\..\3dc\d3d_render.cpp">
      <Filter>Source Files</Filter>
    </ClCompile>
    <ClCompile Include="..\..\3dc\FastFile.cpp">
      <Filter>Source Files</Filter>
    </ClCompile>
    <ClCompile Include="..\..\3dc\FileStream.cpp">
      <Filter>Source Files</Filter>
    </ClCompile>
    <ClCompile Include="..\..\3dc\Fmv_stubbed.cpp">
      <Filter>Source Files</Filter>
    </ClCompile>
    <ClCompile Include="..\..\3dc\FmvCutscenes.cpp">
      <Filter>Source Files</Filter>
    </ClCompile>
    <ClCompile Include="..\..\3dc\FmvPlayback.cpp">
      <Filter>Source Files</Filter>
    </ClCompile>
    <ClCompile Include="..\..\3dc\Fonts.cpp">
      <Filter>Source Files</Filter>
    </ClCompile>
    <ClCompile Include="..\..\3dc\frustum.cpp">
      <Filter>Source Files</Filter>
    </ClCompile>
    <ClCompile Include="..\..\3dc\IndexBuffer.cpp">
      <Filter>Source Files</Filter>
    </ClCompile>
    <ClCompile Include="..\..\3dc\kshape.cpp">
      <Filter>Source Files</Filter>
    </ClCompile>
    <ClCompile Include="..\..\3dc\logString.cpp">
      <Filter>Source Files</Filter>
    </ClCompile>
    <ClCompile Include="..\..\3dc\mathline.cpp">
      <Filter>Source Files</Filter>
    </ClCompile>
    <ClCompile Include="..\..\3dc\mem3dcpp.cpp">
      <Filter>Source Files</Filter>
    </ClCompile>
    <ClCompile Include="..\..\3dc\MemMgr.cpp">
      <Filter>Source Files</Filter>
    </ClCompile>
    <ClCompile Include="..\..\3dc\MemoryStream.cpp">
      <Filter>Source Files</Filter>
    </ClCompile>
    <ClCompile Include="..\..\3dc\module.cpp">
      <Filter>Source Files</Filter>
    </ClCompile>
    <ClCompile Include="..\..\3dc\morph.cpp">
      <Filter>Source Files</Filter>
    </ClCompile>
    <ClCompile Include="..\..\3dc\mslhand.cpp">
      <Filter>Source Files</Filter>
    </ClCompile>
    <ClCompile Include="..\..\3dc\MurmurHash3.cpp">
      <Filter>Source Files</Filter>
    </ClCompile>
    <ClCompile Include="..\..\3dc\MusicPlayer.cpp">
      <Filter>Source Files</Filter>
    </ClCompile>
    <ClCompile Include="..\..\3dc\networking.cpp">
      <Filter>Source Files</Filter>
    </ClCompile>
    <ClCompile Include="..\..\3dc\object.cpp">
      <Filter>Source Files</Filter>
    </ClCompile>
    <ClCompile Include="..\..\3dc\OnScreenKeyboard.cpp">
      <Filter>Source Files</Filter>
    </ClCompile>
    <ClCompile Include="..\..\3dc\RenderList.cpp">
      <Filter>Source Files</Filter>
    </ClCompile>
    <ClCompile Include="..\..\3dc\RimLoader.cpp">
      <Filter>Source Files</Filter>
    </ClCompile>
    <ClCompile Include="..\..\3dc\RingBuffer.cpp">
      <Filter>Source Files</Filter>
    </ClCompile>
    <ClCompile Include="..\..\3dc\ShaderManager.cpp">
      <Filter>Source Files</Filter>
    </ClCompile>
    <ClCompile Include="..\..\3dc\shpanim.cpp">
      <Filter>Source Files</Filter>
    </ClCompile>
    <ClCompile Include="..\..\3dc\sphere.cpp">
      <Filter>Source Files</Filter>
    </ClCompile>
    <ClCompile Include="..\..\3dc\tables.cpp">
      <Filter>Source Files</Filter>
    </ClCompile>
    <ClCompile Include="..\..\3dc\TextureManager.cpp">
      <Filter>Source Files</Filter>
    </ClCompile>
    <ClCompile Include="..\..\3dc\utilities.cpp">
      <Filter>Source Files</Filter>
    </ClCompile>
    <ClCompile Include="..\..\3dc\vdb.cpp">
      <Filter>Source Files</Filter>
    </ClCompile>
    <ClCompile Include="..\..\3dc\version.cpp">
      <Filter>Source Files</Filter>
    </ClCompile>
    <ClCompile Include="..\..\3dc\VertexBuffer.cpp">
      <Filter>Source Files</Filter>
    </ClCompile>
    <ClCompile Include="..\..\3dc\VertexDeclaration.cpp">
      <Filter>Source Files</Filter>
    </ClCompile>
    <ClCompile Include="..\..\3dc\VorbisPlayer.cpp">
      <Filter>Source Files</Filter>
    </ClCompile>
    <ClCompile Include="..\..\3dc\map.cpp">
      <Filter>Source Files</Filter>
    </ClCompile>
    <ClCompile Include="..\..\3dc\maths.cpp">
      <Filter>Source Files</Filter>
    </ClCompile>
    <ClCompile Include="..\..\3dc\win95\animation_objects.cpp">
      <Filter>Source Files</Filter>
    </ClCompile>
    <ClCompile Include="..\..\3dc\win95\avp_string.cpp">
      <Filter>Source Files</Filter>
    </ClCompile>
    <ClCompile Include="..\..\3dc\win95\bitmap_names.cpp">
      <Filter>Source Files</Filter>
    </ClCompile>
    <ClCompile Include="..\..\3dc\win95\db.cpp">
      <Filter>Source Files</Filter>
    </ClCompile>
    <ClCompile Include="..\..\3dc\win95\debuglog.cpp">
      <Filter>Source Files</Filter>
    </ClCompile>
    <ClCompile Include="..\..\3dc\win95\dxlog.cpp">
      <Filter>Source Files</Filter>
    </ClCompile>
    <ClCompile Include="..\..\3dc\win95\enumsch.cpp">
      <Filter>Source Files</Filter>
    </ClCompile>
    <ClCompile Include="..\..\3dc\win95\fail.cpp">
      <Filter>Source Files</Filter>
    </ClCompile>
    <ClCompile Include="..\..\3dc\win95\hierarchy_chunk.cpp">
      <Filter>Source Files</Filter>
    </ClCompile>
    <ClCompile Include="..\..\3dc\win95\huffman.cpp">
      <Filter>Source Files</Filter>
    </ClCompile>
    <ClCompile Include="..\..\3dc\win95\io.cpp">
      <Filter>Source Files</Filter>
    </ClCompile>
    <ClCompile Include="..\..\3dc\win95\list_tem.cpp">
      <Filter>Source Files</Filter>
    </ClCompile>
    <ClCompile Include="..\..\3dc\win95\md5.c">
      <Filter>Source Files</Filter>
    </ClCompile>
    <ClCompile Include="..\..\3dc\win95\mishchnk.cpp">
      <Filter>Source Files</Filter>
    </ClCompile>
    <ClCompile Include="..\..\3dc\win95\our_mem.cpp">
      <Filter>Source Files</Filter>
    </ClCompile>
    <ClCompile Include="..\..\3dc\win95\plat_shp.cpp">
      <Filter>Source Files</Filter>
    </ClCompile>
    <ClCompile Include="..\..\3dc\win95\plspecfn.cpp">
      <Filter>Source Files</Filter>
    </ClCompile>
    <ClCompile Include="..\..\3dc\win95\videomodes.cpp">
      <Filter>Source Files</Filter>
    </ClCompile>
    <ClCompile Include="..\..\3dc\win95\win_func.cpp">
      <Filter>Source Files</Filter>
    </ClCompile>
    <ClCompile Include="..\..\3dc\win95\zsp.cpp">
      <Filter>Source Files</Filter>
    </ClCompile>
    <ClCompile Include="..\..\3dc\avp\ai_sight.cpp">
      <Filter>Source Files</Filter>
    </ClCompile>
    <ClCompile Include="..\..\3dc\avp\bonusabilities.cpp">
      <Filter>Source Files</Filter>
    </ClCompile>
    <ClCompile Include="..\..\3dc\avp\cconvars.cpp">
      <Filter>Source Files</Filter>
    </ClCompile>
    <ClCompile Include="..\..\3dc\avp\cheatmodes.cpp">
      <Filter>Source Files</Filter>
    </ClCompile>
    <ClCompile Include="..\..\3dc\avp\compiled_map.cpp">
      <Filter>Source Files</Filter>
    </ClCompile>
    <ClCompile Include="..\..\3dc\avp\compiled_shapes.cpp">
      <Filter>Source Files</Filter>
    </ClCompile>
    <ClCompile Include="..\..\3dc\avp\consolelog.cpp">
      <Filter>Source Files</Filter>
    </ClCompile>
    <ClCompile Include="..\..\3dc\avp\davehook.cpp">
      <Filter>Source Files</Filter>
    </ClCompile>
    <ClCompile Include="..\..\3dc\avp\deaths.cpp">
      <Filter>Source Files</Filter>
    </ClCompile>
    <ClCompile Include="..\..\3dc\avp\decal.cpp">
      <Filter>Source Files</Filter>
    </ClCompile>
    <ClCompile Include="..\..\3dc\avp\detaillevels.cpp">
      <Filter>Source Files</Filter>
    </ClCompile>
    <ClCompile Include="..\..\3dc\avp\dynamics.cpp">
      <Filter>Source Files</Filter>
    </ClCompile>
    <ClCompile Include="..\..\3dc\avp\dynblock.cpp">
      <Filter>Source Files</Filter>
    </ClCompile>
    <ClCompile Include="..\..\3dc\avp\equipment.cpp">
      <Filter>Source Files</Filter>
    </ClCompile>
    <ClCompile Include="..\..\3dc\avp\equipment_util.cpp">
      <Filter>Source Files</Filter>
    </ClCompile>
    <ClCompile Include="..\..\3dc\avp\extents.cpp">
      <Filter>Source Files</Filter>
    </ClCompile>
    <ClCompile Include="..\..\3dc\avp\game.cpp">
      <Filter>Source Files</Filter>
    </ClCompile>
    <ClCompile Include="..\..\3dc\avp\game_commands.cpp">
      <Filter>Source Files</Filter>
    </ClCompile>
    <ClCompile Include="..\..\3dc\avp\game_statistics.cpp">
      <Filter>Source Files</Filter>
    </ClCompile>
    <ClCompile Include="..\..\3dc\avp\gameflow.cpp">
      <Filter>Source Files</Filter>
    </ClCompile>
    <ClCompile Include="..\..\3dc\avp\gamevars.cpp">
      <Filter>Source Files</Filter>
    </ClCompile>
    <ClCompile Include="..\..\3dc\avp\hmodel.cpp">
      <Filter>Source Files</Filter>
    </ClCompile>
    <ClCompile Include="..\..\3dc\avp\hud.cpp">
      <Filter>Source Files</Filter>
    </ClCompile>
    <ClCompile Include="..\..\3dc\avp\inventory.cpp">
      <Filter>Source Files</Filter>
    </ClCompile>
    <ClCompile Include="..\..\3dc\avp\language.cpp">
      <Filter>Source Files</Filter>
    </ClCompile>
    <ClCompile Include="..\..\3dc\avp\lighting.cpp">
      <Filter>Source Files</Filter>
    </ClCompile>
    <ClCompile Include="..\..\3dc\avp\load_shape.cpp">
      <Filter>Source Files</Filter>
    </ClCompile>
    <ClCompile Include="..\..\3dc\avp\los.cpp">
      <Filter>Source Files</Filter>
    </ClCompile>
    <ClCompile Include="..\..\3dc\avp\mempool.cpp">
      <Filter>Source Files</Filter>
    </ClCompile>
    <ClCompile Include="..\..\3dc\avp\messagehistory.cpp">
      <Filter>Source Files</Filter>
    </ClCompile>
    <ClCompile Include="..\..\3dc\avp\missions.cpp">
      <Filter>Source Files</Filter>
    </ClCompile>
    <ClCompile Include="..\..\3dc\avp\movement.cpp">
      <Filter>Source Files</Filter>
    </ClCompile>
    <ClCompile Include="..\..\3dc\avp\paintball.cpp">
      <Filter>Source Files</Filter>
    </ClCompile>
    <ClCompile Include="..\..\3dc\avp\particle.cpp">
      <Filter>Source Files</Filter>
    </ClCompile>
    <ClCompile Include="..\..\3dc\avp\pfarlocs.cpp">
      <Filter>Source Files</Filter>
    </ClCompile>
    <ClCompile Include="..\..\3dc\avp\pheromone.cpp">
      <Filter>Source Files</Filter>
    </ClCompile>
    <ClCompile Include="..\..\3dc\avp\player.cpp">
      <Filter>Source Files</Filter>
    </ClCompile>
    <ClCompile Include="..\..\3dc\avp\pmove.cpp">
      <Filter>Source Files</Filter>
    </ClCompile>
    <ClCompile Include="..\..\3dc\avp\psnd.cpp">
      <Filter>Source Files</Filter>
    </ClCompile>
    <ClCompile Include="..\..\3dc\avp\psndproj.cpp">
      <Filter>Source Files</Filter>
    </ClCompile>
    <ClCompile Include="..\..\3dc\avp\pvisible.cpp">
      <Filter>Source Files</Filter>
    </ClCompile>
    <ClCompile Include="..\..\3dc\avp\savegame.cpp">
      <Filter>Source Files</Filter>
    </ClCompile>
    <ClCompile Include="..\..\3dc\avp\scream.cpp">
      <Filter>Source Files</Filter>
    </ClCompile>
    <ClCompile Include="..\..\3dc\avp\secstats.cpp">
      <Filter>Source Files</Filter>
    </ClCompile>
    <ClCompile Include="..\..\3dc\avp\sfx.cpp">
      <Filter>Source Files</Filter>
    </ClCompile>
    <ClCompile Include="..\..\3dc\avp\strategy_def.cpp">
      <Filter>Source Files</Filter>
    </ClCompile>
    <ClCompile Include="..\..\3dc\avp\targeting.cpp">
      <Filter>Source Files</Filter>
    </ClCompile>
    <ClCompile Include="..\..\3dc\avp\track.cpp">
      <Filter>Source Files</Filter>
    </ClCompile>
    <ClCompile Include="..\..\3dc\avp\triggers.cpp">
      <Filter>Source Files</Filter>
    </ClCompile>
    <ClCompile Include="..\..\3dc\avp\view.cpp">
      <Filter>Source Files</Filter>
    </ClCompile>
    <ClCompile Include="..\..\3dc\avp\weapons.cpp">
      <Filter>Source Files</Filter>
    </ClCompile>
    <ClCompile Include="..\..\3dc\avp\win95\gadgets\alien_hud_gadget.cpp">
      <Filter>Source Files</Filter>
    </ClCompile>
    <ClCompile Include="..\..\3dc\avp\win95\gadgets\console_command.cpp">
      <Filter>Source Files</Filter>
    </ClCompile>
    <ClCompile Include="..\..\3dc\avp\win95\gadgets\console_symbol.cpp">
      <Filter>Source Files</Filter>
    </ClCompile>
    <ClCompile Include="..\..\3dc\avp\win95\gadgets\console_variable.cpp">
      <Filter>Source Files</Filter>
    </ClCompile>
    <ClCompile Include="..\..\3dc\avp\win95\gadgets\gadget.cpp">
      <Filter>Source Files</Filter>
    </ClCompile>
    <ClCompile Include="..\..\3dc\avp\win95\gadgets\hud_gadget.cpp">
      <Filter>Source Files</Filter>
    </ClCompile>
    <ClCompile Include="..\..\3dc\avp\win95\gadgets\root_gadget.cpp">
      <Filter>Source Files</Filter>
    </ClCompile>
    <ClCompile Include="..\..\3dc\avp\win95\gadgets\teletype.cpp">
      <Filter>Source Files</Filter>
    </ClCompile>
    <ClCompile Include="..\..\3dc\avp\win95\gadgets\text_expansion.cpp">
      <Filter>Source Files</Filter>
    </ClCompile>
    <ClCompile Include="..\..\3dc\avp\win95\gadgets\text_in_gadget.cpp">
      <Filter>Source Files</Filter>
    </ClCompile>
    <ClCompile Include="..\..\3dc\avp\win95\gadgets\text_input.cpp">
      <Filter>Source Files</Filter>
    </ClCompile>
    <ClCompile Include="..\..\3dc\avp\win95\gadgets\text_report_gadget.cpp">
      <Filter>Source Files</Filter>
    </ClCompile>
    <ClCompile Include="..\..\3dc\avp\win95\cheat.cpp">
      <Filter>Source Files</Filter>
    </ClCompile>
    <ClCompile Include="..\..\3dc\avp\win95\cheat_codes.cpp">
      <Filter>Source Files</Filter>
    </ClCompile>
    <ClCompile Include="..\..\3dc\avp\win95\d3d_hud.cpp">
      <Filter>Source Files</Filter>
    </ClCompile>
    <ClCompile Include="..\..\3dc\avp\win95\gammacontrol.cpp">
      <Filter>Source Files</Filter>
    </ClCompile>
    <ClCompile Include="..\..\3dc\avp\win95\hierplace.cpp">
      <Filter>Source Files</Filter>
    </ClCompile>
    <ClCompile Include="..\..\3dc\avp\win95\iofocus.cpp">
      <Filter>Source Files</Filter>
    </ClCompile>
    <ClCompile Include="..\..\3dc\avp\win95\jsndsup.cpp">
      <Filter>Source Files</Filter>
    </ClCompile>
    <ClCompile Include="..\..\3dc\avp\win95\kzsort.cpp">
      <Filter>Source Files</Filter>
    </ClCompile>
    <ClCompile Include="..\..\3dc\avp\win95\module_commands.cpp">
      <Filter>Source Files</Filter>
    </ClCompile>
    <ClCompile Include="..\..\3dc\avp\win95\mousecentreing.cpp">
      <Filter>Source Files</Filter>
    </ClCompile>
    <ClCompile Include="..\..\3dc\avp\win95\npcsetup.cpp">
      <Filter>Source Files</Filter>
    </ClCompile>
    <ClCompile Include="..\..\3dc\avp\win95\object_setup.cpp">
      <Filter>Source Files</Filter>
    </ClCompile>
    <ClCompile Include="..\..\3dc\avp\win95\openal_audio.cpp">
      <Filter>Source Files</Filter>
    </ClCompile>
    <ClCompile Include="..\..\3dc\avp\win95\path_chunk.cpp">
      <Filter>Source Files</Filter>
    </ClCompile>
    <ClCompile Include="..\..\3dc\avp\win95\platsup.cpp">
      <Filter>Source Files</Filter>
    </ClCompile>
    <ClCompile Include="..\..\3dc\avp\win95\pldghost.cpp">
      <Filter>Source Files</Filter>
    </ClCompile>
    <ClCompile Include="..\..\3dc\avp\win95\pldnet.cpp">
      <Filter>Source Files</Filter>
    </ClCompile>
    <ClCompile Include="..\..\3dc\avp\win95\progress_bar.cpp">
      <Filter>Source Files</Filter>
    </ClCompile>
    <ClCompile Include="..\..\3dc\avp\win95\projload.cpp">
      <Filter>Source Files</Filter>
    </ClCompile>
    <ClCompile Include="..\..\3dc\avp\win95\screenshot.cpp">
      <Filter>Source Files</Filter>
    </ClCompile>
    <ClCompile Include="..\..\3dc\avp\win95\strategy_chunk.cpp">
      <Filter>Source Files</Filter>
    </ClCompile>
    <ClCompile Include="..\..\3dc\avp\win95\system.cpp">
      <Filter>Source Files</Filter>
    </ClCompile>
    <ClCompile Include="..\..\3dc\avp\win95\user_io.cpp">
      <Filter>Source Files</Filter>
    </ClCompile>
    <ClCompile Include="..\..\3dc\avp\win95\vision.cpp">
      <Filter>Source Files</Filter>
    </ClCompile>
    <ClCompile Include="..\..\3dc\avp\win95\win_proj.cpp">
      <Filter>Source Files</Filter>
    </ClCompile>
    <ClCompile Include="..\..\3dc\avp\win95\winmain.cpp">
      <Filter>Source Files</Filter>
    </ClCompile>
    <ClCompile Include="..\..\3dc\avp\win95\xa2_audio.cpp">
      <Filter>Source Files</Filter>
    </ClCompile>
    <ClCompile Include="..\..\3dc\avp\support\console_batch.cpp">
      <Filter>Source Files</Filter>
    </ClCompile>
    <ClCompile Include="..\..\3dc\avp\support\console_bind.cpp">
      <Filter>Source Files</Filter>
    </ClCompile>
    <ClCompile Include="..\..\3dc\avp\support\coord_strategies.cpp">
      <Filter>Source Files</Filter>
    </ClCompile>
    <ClCompile Include="..\..\3dc\avp\support\daemon.cpp">
      <Filter>Source Files</Filter>
    </ClCompile>
    <ClCompile Include="..\..\3dc\avp\support\index_font.cpp">
      <Filter>Source Files</Filter>
    </ClCompile>
    <ClCompile Include="..\..\3dc\avp\support\r2base.cpp">
      <Filter>Source Files</Filter>
    </ClCompile>
    <ClCompile Include="..\..\3dc\avp\support\r2pos666.cpp">
      <Filter>Source Files</Filter>
    </ClCompile>
    <ClCompile Include="..\..\3dc\avp\support\reentrant_queue.cpp">
      <Filter>Source Files</Filter>
    </ClCompile>
    <ClCompile Include="..\..\3dc\avp\support\reflist.cpp">
      <Filter>Source Files</Filter>
    </ClCompile>
    <ClCompile Include="..\..\3dc\avp\support\refobj.cpp">
      <Filter>Source Files</Filter>
    </ClCompile>
    <ClCompile Include="..\..\3dc\avp\support\scstring.cpp">
      <Filter>Source Files</Filter>
    </ClCompile>
    <ClCompile Include="..\..\3dc\avp\support\string_table.cpp">
      <Filter>Source Files</Filter>
    </ClCompile>
    <ClCompile Include="..\..\3dc\avp\support\strutil.cpp">
      <Filter>Source Files</Filter>
    </ClCompile>
    <ClCompile Include="..\..\3dc\avp\support\trig666.cpp">
      <Filter>Source Files</Filter>
    </ClCompile>
    <ClCompile Include="..\..\3dc\avp\support\wrap_string.cpp">
      <Filter>Source Files</Filter>
    </ClCompile>
    <ClCompile Include="..\..\3dc\avp\shapes\cube.cpp">
      <Filter>Source Files</Filter>
    </ClCompile>
    <ClCompile Include="..\..\3dc\avp\win95\frontend\menus.cpp">
      <Filter>Source Files\menus</Filter>
    </ClCompile>
    <ClCompile Include="..\..\3dc\avp\win95\frontend\menu_gfx.cpp">
      <Filter>Source Files\menus</Filter>
    </ClCompile>
    <ClCompile Include="..\..\3dc\avp\win95\frontend\menu_data.cpp">
      <Filter>Source Files\menus</Filter>
    </ClCompile>
    <ClCompile Include="..\..\3dc\avp\win95\frontend\user_profile.cpp">
      <Filter>Source Files\menus</Filter>
    </ClCompile>
    <ClCompile Include="..\..\3dc\avp\bh_agun.cpp">
      <Filter>Source Files\behaviours</Filter>
    </ClCompile>
    <ClCompile Include="..\..\3dc\avp\bh_xeno.cpp">
      <Filter>Source Files\behaviours</Filter>
    </ClCompile>
    <ClCompile Include="..\..\3dc\avp\bh_ais.cpp">
      <Filter>Source Files\behaviours</Filter>
    </ClCompile>
    <ClCompile Include="..\..\3dc\avp\bh_alien.cpp">
      <Filter>Source Files\behaviours</Filter>
    </ClCompile>
    <ClCompile Include="..\..\3dc\avp\bh_binary_switch.cpp">
      <Filter>Source Files\behaviours</Filter>
    </ClCompile>
    <ClCompile Include="..\..\3dc\avp\bh_cable.cpp">
      <Filter>Source Files\behaviours</Filter>
    </ClCompile>
    <ClCompile Include="..\..\3dc\avp\bh_corpse.cpp">
      <Filter>Source Files\behaviours</Filter>
    </ClCompile>
    <ClCompile Include="..\..\3dc\avp\bh_death_volume.cpp">
      <Filter>Source Files\behaviours</Filter>
    </ClCompile>
    <ClCompile Include="..\..\3dc\avp\bh_debris.cpp">
      <Filter>Source Files\behaviours</Filter>
    </ClCompile>
    <ClCompile Include="..\..\3dc\avp\bh_dummy.cpp">
      <Filter>Source Files\behaviours</Filter>
    </ClCompile>
    <ClCompile Include="..\..\3dc\avp\bh_facehugger.cpp">
      <Filter>Source Files\behaviours</Filter>
    </ClCompile>
    <ClCompile Include="..\..\3dc\avp\bh_fan.cpp">
      <Filter>Source Files\behaviours</Filter>
    </ClCompile>
    <ClCompile Include="..\..\3dc\avp\bh_far.cpp">
      <Filter>Source Files\behaviours</Filter>
    </ClCompile>
    <ClCompile Include="..\..\3dc\avp\bh_generator.cpp">
      <Filter>Source Files\behaviours</Filter>
    </ClCompile>
    <ClCompile Include="..\..\3dc\avp\bh_lift.cpp">
      <Filter>Source Files\behaviours</Filter>
    </ClCompile>
    <ClCompile Include="..\..\3dc\avp\bh_lift_door.cpp">
      <Filter>Source Files\behaviours</Filter>
    </ClCompile>
    <ClCompile Include="..\..\3dc\avp\bh_light.cpp">
      <Filter>Source Files\behaviours</Filter>
    </ClCompile>
    <ClCompile Include="..\..\3dc\avp\bh_light_fx.cpp">
      <Filter>Source Files\behaviours</Filter>
    </ClCompile>
    <ClCompile Include="..\..\3dc\avp\bh_link_switch.cpp">
      <Filter>Source Files\behaviours</Filter>
    </ClCompile>
    <ClCompile Include="..\..\3dc\avp\bh_marine.cpp">
      <Filter>Source Files\behaviours</Filter>
    </ClCompile>
    <ClCompile Include="..\..\3dc\avp\bh_mission.cpp">
      <Filter>Source Files\behaviours</Filter>
    </ClCompile>
    <ClCompile Include="..\..\3dc\avp\bh_near.cpp">
      <Filter>Source Files\behaviours</Filter>
    </ClCompile>
    <ClCompile Include="..\..\3dc\avp\bh_paq.cpp">
      <Filter>Source Files\behaviours</Filter>
    </ClCompile>
    <ClCompile Include="..\..\3dc\avp\bh_particle_generator.cpp">
      <Filter>Source Files\behaviours</Filter>
    </ClCompile>
    <ClCompile Include="..\..\3dc\avp\bh_placed_hierarchy.cpp">
      <Filter>Source Files\behaviours</Filter>
    </ClCompile>
    <ClCompile Include="..\..\3dc\avp\bh_platform_lift.cpp">
      <Filter>Source Files\behaviours</Filter>
    </ClCompile>
    <ClCompile Include="..\..\3dc\avp\bh_predator.cpp">
      <Filter>Source Files\behaviours</Filter>
    </ClCompile>
    <ClCompile Include="..\..\3dc\avp\bh_queen.cpp">
      <Filter>Source Files\behaviours</Filter>
    </ClCompile>
    <ClCompile Include="..\..\3dc\avp\bh_rubberduck.cpp">
      <Filter>Source Files\behaviours</Filter>
    </ClCompile>
    <ClCompile Include="..\..\3dc\avp\bh_self_destruct.cpp">
      <Filter>Source Files\behaviours</Filter>
    </ClCompile>
    <ClCompile Include="..\..\3dc\avp\bh_sounds.cpp">
      <Filter>Source Files\behaviours</Filter>
    </ClCompile>
    <ClCompile Include="..\..\3dc\avp\bh_spcl.cpp">
      <Filter>Source Files\behaviours</Filter>
    </ClCompile>
    <ClCompile Include="..\..\3dc\avp\bh_switch_door.cpp">
      <Filter>Source Files\behaviours</Filter>
    </ClCompile>
    <ClCompile Include="..\..\3dc\avp\bh_track.cpp">
      <Filter>Source Files\behaviours</Filter>
    </ClCompile>
    <ClCompile Include="..\..\3dc\avp\bh_types.cpp">
      <Filter>Source Files\behaviours</Filter>
    </ClCompile>
    <ClCompile Include="..\..\3dc\avp\bh_videoscreen.cpp">
      <Filter>Source Files\behaviours</Filter>
    </ClCompile>
    <ClCompile Include="..\..\3dc\avp\bh_waypoint.cpp">
      <Filter>Source Files\behaviours</Filter>
    </ClCompile>
    <ClCompile Include="..\..\3dc\avp\bh_weapon.cpp">
      <Filter>Source Files\behaviours</Filter>
    </ClCompile>
    <ClCompile Include="..\..\3dc\win95\chunk.cpp">
      <Filter>Source Files\chunks</Filter>
    </ClCompile>
    <ClCompile Include="..\..\3dc\win95\chunk_waypoint.cpp">
      <Filter>Source Files\chunks</Filter>
    </ClCompile>
    <ClCompile Include="..\..\3dc\win95\chunk_dummy.cpp">
      <Filter>Source Files\chunks</Filter>
    </ClCompile>
    <ClCompile Include="..\..\3dc\win95\chunk_fragments.cpp">
      <Filter>Source Files\chunks</Filter>
    </ClCompile>
    <ClCompile Include="..\..\3dc\win95\chunk_gsprites.cpp">
      <Filter>Source Files\chunks</Filter>
    </ClCompile>
    <ClCompile Include="..\..\3dc\win95\chunk_light.cpp">
      <Filter>Source Files\chunks</Filter>
    </ClCompile>
    <ClCompile Include="..\..\3dc\win95\chunk_load.cpp">
      <Filter>Source Files\chunks</Filter>
    </ClCompile>
    <ClCompile Include="..\..\3dc\win95\chunk_map.cpp">
      <Filter>Source Files\chunks</Filter>
    </ClCompile>
    <ClCompile Include="..\..\3dc\win95\chunk_object.cpp">
      <Filter>Source Files\chunks</Filter>
    </ClCompile>
    <ClCompile Include="..\..\3dc\win95\chunk_palette.cpp">
      <Filter>Source Files\chunks</Filter>
    </ClCompile>
    <ClCompile Include="..\..\3dc\win95\chunk_shape.cpp">
      <Filter>Source Files\chunks</Filter>
    </ClCompile>
    <ClCompile Include="..\..\3dc\win95\chunk_sound.cpp">
      <Filter>Source Files\chunks</Filter>
    </ClCompile>
    <ClCompile Include="..\..\3dc\win95\chunk_sprites.cpp">
      <Filter>Source Files\chunks</Filter>
    </ClCompile>
    <ClCompile Include="..\..\3dc\win95\chunk_textures.cpp">
      <Filter>Source Files\chunks</Filter>
    </ClCompile>
    <ClCompile Include="..\..\3dc\win95\chunk_type.cpp">
      <Filter>Source Files\chunks</Filter>
    </ClCompile>
    <ClCompile Include="..\..\3dc\avp\win95\avp_chunk.cpp">
      <Filter>Source Files\chunks</Filter>
    </ClCompile>
    <ClCompile Include="..\..\3dc\win95\animation_chunk.cpp">
      <Filter>Source Files\chunks</Filter>
    </ClCompile>
    <ClCompile Include="..\..\3dc\win95\environment_chunk.cpp">
      <Filter>Source Files\chunks</Filter>
    </ClCompile>
    <ClCompile Include="..\..\3dc\win95\enum_chunk.cpp">
      <Filter>Source Files\chunks</Filter>
    </ClCompile>
    <ClCompile Include="..\..\3dc\avp\win95\frontend\mp_config.cpp">
      <Filter>Source Files\menus</Filter>
    </ClCompile>
    <ClCompile Include="..\..\3dc\avp\win95\frontend\env_info.cpp">
      <Filter>Source Files\menus</Filter>
    </ClCompile>
    <ClCompile Include="..\..\3dc\avp\win95\frontend\intro.cpp">
      <Filter>Source Files\menus</Filter>
    </ClCompile>
  </ItemGroup>
  <ItemGroup>
    <ClInclude Include="..\..\3dc\video\TheoraPlayback.h">
      <Filter>Video</Filter>
    </ClInclude>
    <ClInclude Include="..\..\3dc\video\SmackerPlayback.h">
      <Filter>Video</Filter>
    </ClInclude>
    <ClInclude Include="..\..\3dc\video\BinkPlayback.h">
      <Filter>Video</Filter>
    </ClInclude>
    <ClInclude Include="..\..\3dc\MemMgr.h">
      <Filter>Source Files</Filter>
    </ClInclude>
    <ClInclude Include="..\..\3dc\MemoryStream.h">
      <Filter>Source Files</Filter>
    </ClInclude>
    <ClInclude Include="..\..\3dc\win95\animation_chunk.hpp">
      <Filter>Header Files</Filter>
    </ClInclude>
    <ClInclude Include="..\..\3dc\win95\animation_objects.hpp">
      <Filter>Header Files</Filter>
    </ClInclude>
    <ClInclude Include="..\..\3dc\win95\avp_string.hpp">
      <Filter>Header Files</Filter>
    </ClInclude>
    <ClInclude Include="..\..\3dc\win95\aw.h">
      <Filter>Header Files</Filter>
    </ClInclude>
    <ClInclude Include="..\..\3dc\win95\bitmap_names.hpp">
      <Filter>Header Files</Filter>
    </ClInclude>
    <ClInclude Include="..\..\3dc\win95\db.h">
      <Filter>Header Files</Filter>
    </ClInclude>
    <ClInclude Include="..\..\3dc\win95\debuglog.h">
      <Filter>Header Files</Filter>
    </ClInclude>
    <ClInclude Include="..\..\3dc\win95\debuglog.hpp">
      <Filter>Header Files</Filter>
    </ClInclude>
    <ClInclude Include="..\..\3dc\win95\dxlog.h">
      <Filter>Header Files</Filter>
    </ClInclude>
    <ClInclude Include="..\..\3dc\win95\enum_chunk.hpp">
      <Filter>Header Files</Filter>
    </ClInclude>
    <ClInclude Include="..\..\3dc\win95\enumsch.hpp">
      <Filter>Header Files</Filter>
    </ClInclude>
    <ClInclude Include="..\..\3dc\win95\environment_chunk.hpp">
      <Filter>Header Files</Filter>
    </ClInclude>
    <ClInclude Include="..\..\3dc\win95\fail.h">
      <Filter>Header Files</Filter>
    </ClInclude>
    <ClInclude Include="..\..\3dc\win95\hash_tem.hpp">
      <Filter>Header Files</Filter>
    </ClInclude>
    <ClInclude Include="..\..\3dc\win95\hierarchy_chunk.hpp">
      <Filter>Header Files</Filter>
    </ClInclude>
    <ClInclude Include="..\..\3dc\win95\huffman.hpp">
      <Filter>Header Files</Filter>
    </ClInclude>
    <ClInclude Include="..\..\3dc\win95\inline.h">
      <Filter>Header Files</Filter>
    </ClInclude>
    <ClInclude Include="..\..\3dc\win95\io.h">
      <Filter>Header Files</Filter>
    </ClInclude>
    <ClInclude Include="..\..\3dc\win95\list_tem.hpp">
      <Filter>Header Files</Filter>
    </ClInclude>
    <ClInclude Include="..\..\3dc\win95\md5.h">
      <Filter>Header Files</Filter>
    </ClInclude>
    <ClInclude Include="..\..\3dc\win95\mishchnk.hpp">
      <Filter>Header Files</Filter>
    </ClInclude>
    <ClInclude Include="..\..\3dc\win95\oechunk.h">
      <Filter>Header Files</Filter>
    </ClInclude>
    <ClInclude Include="..\..\3dc\win95\ourasert.h">
      <Filter>Header Files</Filter>
    </ClInclude>
    <ClInclude Include="..\..\3dc\win95\plat_shp.h">
      <Filter>Header Files</Filter>
    </ClInclude>
    <ClInclude Include="..\..\3dc\win95\platform.h">
      <Filter>Header Files</Filter>
    </ClInclude>
    <ClInclude Include="..\..\3dc\win95\showcmds.h">
      <Filter>Header Files</Filter>
    </ClInclude>
    <ClInclude Include="..\..\3dc\win95\shpanim.h">
      <Filter>Header Files</Filter>
    </ClInclude>
    <ClInclude Include="..\..\3dc\win95\zsp.hpp">
      <Filter>Header Files</Filter>
    </ClInclude>
    <ClInclude Include="..\..\3dc\include\3dc.h">
      <Filter>Header Files</Filter>
    </ClInclude>
    <ClInclude Include="..\..\3dc\include\mem3dc.h">
      <Filter>Header Files</Filter>
    </ClInclude>
    <ClInclude Include="..\..\3dc\include\module.h">
      <Filter>Header Files</Filter>
    </ClInclude>
    <ClInclude Include="..\..\3dc\include\prototyp.h">
      <Filter>Header Files</Filter>
    </ClInclude>
    <ClInclude Include="..\..\3dc\include\shape.h">
      <Filter>Header Files</Filter>
    </ClInclude>
    <ClInclude Include="..\..\3dc\avp\ai_sight.h">
      <Filter>Header Files</Filter>
    </ClInclude>
    <ClInclude Include="..\..\3dc\avp\bonusabilities.h">
      <Filter>Header Files</Filter>
    </ClInclude>
    <ClInclude Include="..\..\3dc\avp\compiled_shapes.h">
      <Filter>Header Files</Filter>
    </ClInclude>
    <ClInclude Include="..\..\3dc\avp\consolelog.hpp">
      <Filter>Header Files</Filter>
    </ClInclude>
    <ClInclude Include="..\..\3dc\avp\davehook.h">
      <Filter>Header Files</Filter>
    </ClInclude>
    <ClInclude Include="..\..\3dc\avp\decal.h">
      <Filter>Header Files</Filter>
    </ClInclude>
    <ClInclude Include="..\..\3dc\avp\detaillevels.h">
      <Filter>Header Files</Filter>
    </ClInclude>
    <ClInclude Include="..\..\3dc\avp\dynamics.h">
      <Filter>Header Files</Filter>
    </ClInclude>
    <ClInclude Include="..\..\3dc\avp\dynblock.h">
      <Filter>Header Files</Filter>
    </ClInclude>
    <ClInclude Include="..\..\3dc\avp\equates.h">
      <Filter>Header Files</Filter>
    </ClInclude>
    <ClInclude Include="..\..\3dc\avp\equipment.h">
      <Filter>Header Files</Filter>
    </ClInclude>
    <ClInclude Include="..\..\3dc\avp\equipment_util.hpp">
      <Filter>Header Files</Filter>
    </ClInclude>
    <ClInclude Include="..\..\3dc\avp\extents.h">
      <Filter>Header Files</Filter>
    </ClInclude>
    <ClInclude Include="..\..\3dc\avp\game_statistics.h">
      <Filter>Header Files</Filter>
    </ClInclude>
    <ClInclude Include="..\..\3dc\avp\gamedef.h">
      <Filter>Header Files</Filter>
    </ClInclude>
    <ClInclude Include="..\..\3dc\avp\gameflow.h">
      <Filter>Header Files</Filter>
    </ClInclude>
    <ClInclude Include="..\..\3dc\avp\hmodel.h">
      <Filter>Header Files</Filter>
    </ClInclude>
    <ClInclude Include="..\..\3dc\avp\huddefs.h">
      <Filter>Header Files</Filter>
    </ClInclude>
    <ClInclude Include="..\..\3dc\avp\inventory.h">
      <Filter>Header Files</Filter>
    </ClInclude>
    <ClInclude Include="..\..\3dc\avp\langenum.h">
      <Filter>Header Files</Filter>
    </ClInclude>
    <ClInclude Include="..\..\3dc\avp\language.h">
      <Filter>Header Files</Filter>
    </ClInclude>
    <ClInclude Include="..\..\3dc\avp\lighting.h">
      <Filter>Header Files</Filter>
    </ClInclude>
    <ClInclude Include="..\..\3dc\avp\load_shape.h">
      <Filter>Header Files</Filter>
    </ClInclude>
    <ClInclude Include="..\..\3dc\avp\los.h">
      <Filter>Header Files</Filter>
    </ClInclude>
    <ClInclude Include="..\..\3dc\avp\ltfx_exp.h">
      <Filter>Header Files</Filter>
    </ClInclude>
    <ClInclude Include="..\..\3dc\avp\mempool.h">
      <Filter>Header Files</Filter>
    </ClInclude>
    <ClInclude Include="..\..\3dc\avp\missions.hpp">
      <Filter>Header Files</Filter>
    </ClInclude>
    <ClInclude Include="..\..\3dc\avp\paintball.h">
      <Filter>Header Files</Filter>
    </ClInclude>
    <ClInclude Include="..\..\3dc\avp\particle.h">
      <Filter>Header Files</Filter>
    </ClInclude>
    <ClInclude Include="..\..\3dc\avp\pfarlocs.h">
      <Filter>Header Files</Filter>
    </ClInclude>
    <ClInclude Include="..\..\3dc\avp\pheromone.h">
      <Filter>Header Files</Filter>
    </ClInclude>
    <ClInclude Include="..\..\3dc\avp\player.h">
      <Filter>Header Files</Filter>
    </ClInclude>
    <ClInclude Include="..\..\3dc\avp\pmove.h">
      <Filter>Header Files</Filter>
    </ClInclude>
    <ClInclude Include="..\..\3dc\avp\projfont.h">
      <Filter>Header Files</Filter>
    </ClInclude>
    <ClInclude Include="..\..\3dc\avp\projtext.h">
      <Filter>Header Files</Filter>
    </ClInclude>
    <ClInclude Include="..\..\3dc\avp\psnd.h">
      <Filter>Header Files</Filter>
    </ClInclude>
    <ClInclude Include="..\..\3dc\avp\psndproj.h">
      <Filter>Header Files</Filter>
    </ClInclude>
    <ClInclude Include="..\..\3dc\avp\pvisible.h">
      <Filter>Header Files</Filter>
    </ClInclude>
    <ClInclude Include="..\..\3dc\avp\savegame.h">
      <Filter>Header Files</Filter>
    </ClInclude>
    <ClInclude Include="..\..\3dc\avp\scream.h">
      <Filter>Header Files</Filter>
    </ClInclude>
    <ClInclude Include="..\..\3dc\avp\sequences.h">
      <Filter>Header Files</Filter>
    </ClInclude>
    <ClInclude Include="..\..\3dc\avp\sfx.h">
      <Filter>Header Files</Filter>
    </ClInclude>
    <ClInclude Include="..\..\3dc\avp\status_panel.h">
      <Filter>Header Files</Filter>
    </ClInclude>
    <ClInclude Include="..\..\3dc\avp\strategy_def.h">
      <Filter>Header Files</Filter>
    </ClInclude>
    <ClInclude Include="..\..\3dc\avp\targeting.h">
      <Filter>Header Files</Filter>
    </ClInclude>
    <ClInclude Include="..\..\3dc\avp\track.h">
      <Filter>Header Files</Filter>
    </ClInclude>
    <ClInclude Include="..\..\3dc\avp\triggers.h">
      <Filter>Header Files</Filter>
    </ClInclude>
    <ClInclude Include="..\..\3dc\avp\view.h">
      <Filter>Header Files</Filter>
    </ClInclude>
    <ClInclude Include="..\..\3dc\avp\weapons.h">
      <Filter>Header Files</Filter>
    </ClInclude>
    <ClInclude Include="..\..\3dc\avp\win95\gadgets\alien_hud_gadget.hpp">
      <Filter>Header Files</Filter>
    </ClInclude>
    <ClInclude Include="..\..\3dc\avp\win95\gadgets\console_command.hpp">
      <Filter>Header Files</Filter>
    </ClInclude>
    <ClInclude Include="..\..\3dc\avp\win95\gadgets\console_symbol.hpp">
      <Filter>Header Files</Filter>
    </ClInclude>
    <ClInclude Include="..\..\3dc\avp\win95\gadgets\console_variable.hpp">
      <Filter>Header Files</Filter>
    </ClInclude>
    <ClInclude Include="..\..\3dc\avp\win95\gadgets\gadget.h">
      <Filter>Header Files</Filter>
    </ClInclude>
    <ClInclude Include="..\..\3dc\avp\win95\gadgets\hud_gadget.hpp">
      <Filter>Header Files</Filter>
    </ClInclude>
    <ClInclude Include="..\..\3dc\avp\win95\gadgets\root_gadget.hpp">
      <Filter>Header Files</Filter>
    </ClInclude>
    <ClInclude Include="..\..\3dc\avp\win95\gadgets\teletype.hpp">
      <Filter>Header Files</Filter>
    </ClInclude>
    <ClInclude Include="..\..\3dc\avp\win95\gadgets\text_expansion.hpp">
      <Filter>Header Files</Filter>
    </ClInclude>
    <ClInclude Include="..\..\3dc\avp\win95\gadgets\text_in_gadget.hpp">
      <Filter>Header Files</Filter>
    </ClInclude>
    <ClInclude Include="..\..\3dc\avp\win95\gadgets\text_input.hpp">
      <Filter>Header Files</Filter>
    </ClInclude>
    <ClInclude Include="..\..\3dc\avp\win95\gadgets\text_report_gadget.hpp">
      <Filter>Header Files</Filter>
    </ClInclude>
    <ClInclude Include="..\..\3dc\avp\win95\avp_chunk.hpp">
      <Filter>Header Files</Filter>
    </ClInclude>
    <ClInclude Include="..\..\3dc\avp\win95\cheat.h">
      <Filter>Header Files</Filter>
    </ClInclude>
    <ClInclude Include="..\..\3dc\avp\win95\d3d_hud.h">
      <Filter>Header Files</Filter>
    </ClInclude>
    <ClInclude Include="..\..\3dc\avp\win95\dbdefs.h">
      <Filter>Header Files</Filter>
    </ClInclude>
    <ClInclude Include="..\..\3dc\avp\win95\gameplat.h">
      <Filter>Header Files</Filter>
    </ClInclude>
    <ClInclude Include="..\..\3dc\avp\win95\gammacontrol.h">
      <Filter>Header Files</Filter>
    </ClInclude>
    <ClInclude Include="..\..\3dc\avp\win95\heap_tem.hpp">
      <Filter>Header Files</Filter>
    </ClInclude>
    <ClInclude Include="..\..\3dc\avp\win95\hierplace.hpp">
      <Filter>Header Files</Filter>
    </ClInclude>
    <ClInclude Include="..\..\3dc\avp\win95\hud_gfx.h">
      <Filter>Header Files</Filter>
    </ClInclude>
    <ClInclude Include="..\..\3dc\avp\win95\hud_layout.h">
      <Filter>Header Files</Filter>
    </ClInclude>
    <ClInclude Include="..\..\3dc\avp\win95\iofocus.h">
      <Filter>Header Files</Filter>
    </ClInclude>
    <ClInclude Include="..\..\3dc\avp\win95\jsndsup.h">
      <Filter>Header Files</Filter>
    </ClInclude>
    <ClInclude Include="..\..\3dc\avp\win95\kzsort.h">
      <Filter>Header Files</Filter>
    </ClInclude>
    <ClInclude Include="..\..\3dc\avp\win95\module_commands.hpp">
      <Filter>Header Files</Filter>
    </ClInclude>
    <ClInclude Include="..\..\3dc\avp\win95\npcsetup.h">
      <Filter>Header Files</Filter>
    </ClInclude>
    <ClInclude Include="..\..\3dc\avp\win95\object_setup.hpp">
      <Filter>Header Files</Filter>
    </ClInclude>
    <ClInclude Include="..\..\3dc\avp\win95\path_chunk.hpp">
      <Filter>Header Files</Filter>
    </ClInclude>
    <ClInclude Include="..\..\3dc\avp\win95\pldghost.h">
      <Filter>Header Files</Filter>
    </ClInclude>
    <ClInclude Include="..\..\3dc\avp\win95\pldnet.h">
      <Filter>Header Files</Filter>
    </ClInclude>
    <ClInclude Include="..\..\3dc\avp\win95\progress_bar.h">
      <Filter>Header Files</Filter>
    </ClInclude>
    <ClInclude Include="..\..\3dc\avp\win95\projload.hpp">
      <Filter>Header Files</Filter>
    </ClInclude>
    <ClInclude Include="..\..\3dc\avp\win95\psndplat.h">
      <Filter>Header Files</Filter>
    </ClInclude>
    <ClInclude Include="..\..\3dc\avp\win95\screenshot.hpp">
      <Filter>Header Files</Filter>
    </ClInclude>
    <ClInclude Include="..\..\3dc\avp\win95\strategy_chunk.hpp">
      <Filter>Header Files</Filter>
    </ClInclude>
    <ClInclude Include="..\..\3dc\avp\win95\system.h">
      <Filter>Header Files</Filter>
    </ClInclude>
    <ClInclude Include="..\..\3dc\avp\win95\user_io.h">
      <Filter>Header Files</Filter>
    </ClInclude>
    <ClInclude Include="..\..\3dc\avp\win95\vision.h">
      <Filter>Header Files</Filter>
    </ClInclude>
    <ClInclude Include="..\..\3dc\avp\support\command.hpp">
      <Filter>Header Files</Filter>
    </ClInclude>
    <ClInclude Include="..\..\3dc\avp\support\console_batch.hpp">
      <Filter>Header Files</Filter>
    </ClInclude>
    <ClInclude Include="..\..\3dc\avp\support\console_bind.hpp">
      <Filter>Header Files</Filter>
    </ClInclude>
    <ClInclude Include="..\..\3dc\avp\support\coord_strategies.hpp">
      <Filter>Header Files</Filter>
    </ClInclude>
    <ClInclude Include="..\..\3dc\avp\support\daemon.h">
      <Filter>Header Files</Filter>
    </ClInclude>
    <ClInclude Include="..\..\3dc\avp\support\dump_context.hpp">
      <Filter>Header Files</Filter>
    </ClInclude>
    <ClInclude Include="..\..\3dc\avp\support\index_font.hpp">
      <Filter>Header Files</Filter>
    </ClInclude>
    <ClInclude Include="..\..\3dc\avp\support\r2base.h">
      <Filter>Header Files</Filter>
    </ClInclude>
    <ClInclude Include="..\..\3dc\avp\support\r2pos666.hpp">
      <Filter>Header Files</Filter>
    </ClInclude>
    <ClInclude Include="..\..\3dc\avp\support\reentrant_queue.h">
      <Filter>Header Files</Filter>
    </ClInclude>
    <ClInclude Include="..\..\3dc\avp\support\reflist.hpp">
      <Filter>Header Files</Filter>
    </ClInclude>
    <ClInclude Include="..\..\3dc\avp\support\refobj.hpp">
      <Filter>Header Files</Filter>
    </ClInclude>
    <ClInclude Include="..\..\3dc\avp\support\scstring.hpp">
      <Filter>Header Files</Filter>
    </ClInclude>
    <ClInclude Include="..\..\3dc\avp\support\string_table.hpp">
      <Filter>Header Files</Filter>
    </ClInclude>
    <ClInclude Include="..\..\3dc\avp\support\strutil.h">
      <Filter>Header Files</Filter>
    </ClInclude>
    <ClInclude Include="..\..\3dc\avp\support\trig666.hpp">
      <Filter>Header Files</Filter>
    </ClInclude>
    <ClInclude Include="..\..\3dc\avp\support\wrap_string.hpp">
      <Filter>Header Files</Filter>
    </ClInclude>
    <ClInclude Include="..\..\3dc\avp\bh_agun.h">
      <Filter>Header Files\behaviours</Filter>
    </ClInclude>
    <ClInclude Include="..\..\3dc\avp\bh_xeno.h">
      <Filter>Header Files\behaviours</Filter>
    </ClInclude>
    <ClInclude Include="..\..\3dc\avp\bh_ais.h">
      <Filter>Header Files\behaviours</Filter>
    </ClInclude>
    <ClInclude Include="..\..\3dc\avp\bh_alien.h">
      <Filter>Header Files\behaviours</Filter>
    </ClInclude>
    <ClInclude Include="..\..\3dc\avp\bh_binary_switch.h">
      <Filter>Header Files\behaviours</Filter>
    </ClInclude>
    <ClInclude Include="..\..\3dc\avp\bh_cable.h">
      <Filter>Header Files\behaviours</Filter>
    </ClInclude>
    <ClInclude Include="..\..\3dc\avp\bh_corpse.h">
      <Filter>Header Files\behaviours</Filter>
    </ClInclude>
    <ClInclude Include="..\..\3dc\avp\bh_death_volume.h">
      <Filter>Header Files\behaviours</Filter>
    </ClInclude>
    <ClInclude Include="..\..\3dc\avp\bh_debris.h">
      <Filter>Header Files\behaviours</Filter>
    </ClInclude>
    <ClInclude Include="..\..\3dc\avp\bh_dummy.h">
      <Filter>Header Files\behaviours</Filter>
    </ClInclude>
    <ClInclude Include="..\..\3dc\avp\bh_facehugger.h">
      <Filter>Header Files\behaviours</Filter>
    </ClInclude>
    <ClInclude Include="..\..\3dc\avp\bh_fan.h">
      <Filter>Header Files\behaviours</Filter>
    </ClInclude>
    <ClInclude Include="..\..\3dc\avp\bh_far.h">
      <Filter>Header Files\behaviours</Filter>
    </ClInclude>
    <ClInclude Include="..\..\3dc\avp\bh_generator.h">
      <Filter>Header Files\behaviours</Filter>
    </ClInclude>
    <ClInclude Include="..\..\3dc\avp\bh_lift.h">
      <Filter>Header Files\behaviours</Filter>
    </ClInclude>
    <ClInclude Include="..\..\3dc\avp\bh_lift_door.h">
      <Filter>Header Files\behaviours</Filter>
    </ClInclude>
    <ClInclude Include="..\..\3dc\avp\bh_light.h">
      <Filter>Header Files\behaviours</Filter>
    </ClInclude>
    <ClInclude Include="..\..\3dc\avp\bh_light_fx.h">
      <Filter>Header Files\behaviours</Filter>
    </ClInclude>
    <ClInclude Include="..\..\3dc\avp\bh_link_switch.h">
      <Filter>Header Files\behaviours</Filter>
    </ClInclude>
    <ClInclude Include="..\..\3dc\avp\bh_marine.h">
      <Filter>Header Files\behaviours</Filter>
    </ClInclude>
    <ClInclude Include="..\..\3dc\avp\bh_mission.h">
      <Filter>Header Files\behaviours</Filter>
    </ClInclude>
    <ClInclude Include="..\..\3dc\avp\bh_near.h">
      <Filter>Header Files\behaviours</Filter>
    </ClInclude>
    <ClInclude Include="..\..\3dc\avp\bh_paq.h">
      <Filter>Header Files\behaviours</Filter>
    </ClInclude>
    <ClInclude Include="..\..\3dc\avp\bh_particle_generator.h">
      <Filter>Header Files\behaviours</Filter>
    </ClInclude>
    <ClInclude Include="..\..\3dc\avp\bh_placed_hierarchy.h">
      <Filter>Header Files\behaviours</Filter>
    </ClInclude>
    <ClInclude Include="..\..\3dc\avp\bh_platform_lift.h">
      <Filter>Header Files\behaviours</Filter>
    </ClInclude>
    <ClInclude Include="..\..\3dc\avp\bh_predator.h">
      <Filter>Header Files\behaviours</Filter>
    </ClInclude>
    <ClInclude Include="..\..\3dc\avp\bh_queen.h">
      <Filter>Header Files\behaviours</Filter>
    </ClInclude>
    <ClInclude Include="..\..\3dc\avp\bh_rubberduck.h">
      <Filter>Header Files\behaviours</Filter>
    </ClInclude>
    <ClInclude Include="..\..\3dc\avp\bh_self_destruct.h">
      <Filter>Header Files\behaviours</Filter>
    </ClInclude>
    <ClInclude Include="..\..\3dc\avp\bh_sounds.h">
      <Filter>Header Files\behaviours</Filter>
    </ClInclude>
    <ClInclude Include="..\..\3dc\avp\bh_spcl.h">
      <Filter>Header Files\behaviours</Filter>
    </ClInclude>
    <ClInclude Include="..\..\3dc\avp\bh_switch_door.h">
      <Filter>Header Files\behaviours</Filter>
    </ClInclude>
    <ClInclude Include="..\..\3dc\avp\bh_track.h">
      <Filter>Header Files\behaviours</Filter>
    </ClInclude>
    <ClInclude Include="..\..\3dc\avp\bh_types.h">
      <Filter>Header Files\behaviours</Filter>
    </ClInclude>
    <ClInclude Include="..\..\3dc\avp\bh_videoscreen.h">
      <Filter>Header Files\behaviours</Filter>
    </ClInclude>
    <ClInclude Include="..\..\3dc\avp\bh_waypoint.h">
      <Filter>Header Files\behaviours</Filter>
    </ClInclude>
    <ClInclude Include="..\..\3dc\avp\bh_weapon.h">
      <Filter>Header Files\behaviours</Filter>
    </ClInclude>
    <ClInclude Include="..\..\3dc\win95\chunk.hpp">
      <Filter>Header Files\chunks</Filter>
    </ClInclude>
    <ClInclude Include="..\..\3dc\win95\chunk_waypoint.hpp">
      <Filter>Header Files\chunks</Filter>
    </ClInclude>
    <ClInclude Include="..\..\3dc\win95\chunk_dummy.hpp">
      <Filter>Header Files\chunks</Filter>
    </ClInclude>
    <ClInclude Include="..\..\3dc\win95\chunk_fragments.hpp">
      <Filter>Header Files\chunks</Filter>
    </ClInclude>
    <ClInclude Include="..\..\3dc\win95\chunk_gsprites.hpp">
      <Filter>Header Files\chunks</Filter>
    </ClInclude>
    <ClInclude Include="..\..\3dc\win95\chunk_light.hpp">
      <Filter>Header Files\chunks</Filter>
    </ClInclude>
    <ClInclude Include="..\..\3dc\win95\chunk_load.h">
      <Filter>Header Files\chunks</Filter>
    </ClInclude>
    <ClInclude Include="..\..\3dc\win95\chunk_load.hpp">
      <Filter>Header Files\chunks</Filter>
    </ClInclude>
    <ClInclude Include="..\..\3dc\win95\chunk_object.hpp">
      <Filter>Header Files\chunks</Filter>
    </ClInclude>
    <ClInclude Include="..\..\3dc\win95\chunk_palette.hpp">
      <Filter>Header Files\chunks</Filter>
    </ClInclude>
    <ClInclude Include="..\..\3dc\win95\chunk_shape.hpp">
      <Filter>Header Files\chunks</Filter>
    </ClInclude>
    <ClInclude Include="..\..\3dc\win95\chunk_sound.hpp">
      <Filter>Header Files\chunks</Filter>
    </ClInclude>
    <ClInclude Include="..\..\3dc\win95\chunk_sprites.hpp">
      <Filter>Header Files\chunks</Filter>
    </ClInclude>
    <ClInclude Include="..\..\3dc\win95\chunk_textures.h">
      <Filter>Header Files\chunks</Filter>
    </ClInclude>
    <ClInclude Include="..\..\3dc\win95\chunk_type.hpp">
      <Filter>Header Files\chunks</Filter>
    </ClInclude>
    <ClInclude Include="..\..\3dc\avp\win95\frontend\menu_data.h">
      <Filter>Header Files\menus</Filter>
    </ClInclude>
    <ClInclude Include="..\..\3dc\avp\win95\frontend\menus.h">
      <Filter>Header Files\menus</Filter>
    </ClInclude>
    <ClInclude Include="..\..\3dc\avp\win95\frontend\menu_gfx.hpp">
      <Filter>Header Files\menus</Filter>
    </ClInclude>
    <ClInclude Include="..\..\3dc\avp\win95\frontend\user_profile.h">
      <Filter>Header Files\menus</Filter>
    </ClInclude>
    <ClInclude Include="..\..\3dc\avp\win95\frontend\mp_config.h">
      <Filter>Header Files\menus</Filter>
    </ClInclude>
    <ClInclude Include="..\..\3dc\avp\win95\frontend\env_info.h">
      <Filter>Header Files\menus</Filter>
    </ClInclude>
    <ClInclude Include="..\..\3dc\avp\win95\frontend\intro.h">
      <Filter>Header Files\menus</Filter>
    </ClInclude>
  </ItemGroup>
  <ItemGroup>
    <ResourceCompile Include="..\AvP.rc">
      <Filter>Resource Files</Filter>
    </ResourceCompile>
  </ItemGroup>
  <ItemGroup>
    <None Include="..\..\shaders\decal.psh">
      <Filter>Shaders</Filter>
    </None>
    <None Include="..\..\shaders\decal.vsh">
      <Filter>Shaders</Filter>
    </None>
    <None Include="..\..\shaders\fmvPixel.psh">
      <Filter>Shaders</Filter>
    </None>
    <None Include="..\..\shaders\fmvVertex.vsh">
      <Filter>Shaders</Filter>
    </None>
    <None Include="..\..\shaders\orthoPixel.psh">
      <Filter>Shaders</Filter>
    </None>
    <None Include="..\..\shaders\orthoVertex.vsh">
      <Filter>Shaders</Filter>
    </None>
    <None Include="..\..\shaders\particle.psh">
      <Filter>Shaders</Filter>
    </None>
    <None Include="..\..\shaders\particle.vsh">
      <Filter>Shaders</Filter>
    </None>
    <None Include="..\..\shaders\pixel.psh">
      <Filter>Shaders</Filter>
    </None>
    <None Include="..\..\shaders\rhw.psh">
      <Filter>Shaders</Filter>
    </None>
    <None Include="..\..\shaders\rhw.vsh">
      <Filter>Shaders</Filter>
    </None>
    <None Include="..\..\shaders\tallText.psh">
      <Filter>Shaders</Filter>
    </None>
    <None Include="..\..\shaders\tallText.vsh">
      <Filter>Shaders</Filter>
    </None>
    <None Include="..\..\shaders\vertex.vsh">
      <Filter>Shaders</Filter>
    </None>
  </ItemGroup>
</Project>